
Microsoft Visual Studio Solution File, Format Version 12.00
# Visual Studio 14
VisualStudioVersion = 14.0.25420.1
MinimumVisualStudioVersion = 10.0.40219.1
Project("{FAE04EC0-301F-11D3-BF4B-00C04F79EFBC}") = "ResourcesOrnekler_Theme.Droid", "ResourcesOrnekler-Theme\ResourcesOrnekler_Theme.Droid\ResourcesOrnekler_Theme.Droid.csproj", "{5F7CF051-A7B3-47C2-8124-DDA7780D27C7}"
EndProject
Project("{FAE04EC0-301F-11D3-BF4B-00C04F79EFBC}") = "ResourcesOrnekler_Theme.iOS", "ResourcesOrnekler-Theme\ResourcesOrnekler_Theme.iOS\ResourcesOrnekler_Theme.iOS.csproj", "{F1054C4A-840B-4769-A346-7AB54DB0CF72}"
EndProject
Project("{FAE04EC0-301F-11D3-BF4B-00C04F79EFBC}") = "ResourcesOrnekler_Theme.WinPhone", "ResourcesOrnekler-Theme\ResourcesOrnekler_Theme.WinPhone\ResourcesOrnekler_Theme.WinPhone.csproj", "{B611AC0D-A16D-49AC-95E1-C87BE71B9E28}"
EndProject
Project("{FAE04EC0-301F-11D3-BF4B-00C04F79EFBC}") = "ResourcesOrnekler_Theme.Windows", "ResourcesOrnekler-Theme\ResourcesOrnekler_Theme.Windows\ResourcesOrnekler_Theme.Windows.csproj", "{817F5CE6-877E-457C-85CF-E9786994A1D5}"
EndProject
Project("{FAE04EC0-301F-11D3-BF4B-00C04F79EFBC}") = "ResourcesOrnekler_Theme", "ResourcesOrnekler-Theme\ResourcesOrnekler_Theme\ResourcesOrnekler_Theme.csproj", "{1EA68917-20CF-48FE-8722-7C8B34DB5CB4}"
EndProject
Global
	GlobalSection(SolutionConfigurationPlatforms) = preSolution
		Ad-Hoc|Any CPU = Ad-Hoc|Any CPU
		Ad-Hoc|ARM = Ad-Hoc|ARM
		Ad-Hoc|iPhone = Ad-Hoc|iPhone
		Ad-Hoc|iPhoneSimulator = Ad-Hoc|iPhoneSimulator
		Ad-Hoc|x64 = Ad-Hoc|x64
		Ad-Hoc|x86 = Ad-Hoc|x86
		AppStore|Any CPU = AppStore|Any CPU
		AppStore|ARM = AppStore|ARM
		AppStore|iPhone = AppStore|iPhone
		AppStore|iPhoneSimulator = AppStore|iPhoneSimulator
		AppStore|x64 = AppStore|x64
		AppStore|x86 = AppStore|x86
		Debug|Any CPU = Debug|Any CPU
		Debug|ARM = Debug|ARM
		Debug|iPhone = Debug|iPhone
		Debug|iPhoneSimulator = Debug|iPhoneSimulator
		Debug|x64 = Debug|x64
		Debug|x86 = Debug|x86
		Release|Any CPU = Release|Any CPU
		Release|ARM = Release|ARM
		Release|iPhone = Release|iPhone
		Release|iPhoneSimulator = Release|iPhoneSimulator
		Release|x64 = Release|x64
		Release|x86 = Release|x86
	EndGlobalSection
	GlobalSection(ProjectConfigurationPlatforms) = postSolution
		{5F7CF051-A7B3-47C2-8124-DDA7780D27C7}.Ad-Hoc|Any CPU.ActiveCfg = Release|Any CPU
		{5F7CF051-A7B3-47C2-8124-DDA7780D27C7}.Ad-Hoc|Any CPU.Build.0 = Release|Any CPU
		{5F7CF051-A7B3-47C2-8124-DDA7780D27C7}.Ad-Hoc|Any CPU.Deploy.0 = Release|Any CPU
		{5F7CF051-A7B3-47C2-8124-DDA7780D27C7}.Ad-Hoc|ARM.ActiveCfg = Release|Any CPU
		{5F7CF051-A7B3-47C2-8124-DDA7780D27C7}.Ad-Hoc|ARM.Build.0 = Release|Any CPU
		{5F7CF051-A7B3-47C2-8124-DDA7780D27C7}.Ad-Hoc|ARM.Deploy.0 = Release|Any CPU
		{5F7CF051-A7B3-47C2-8124-DDA7780D27C7}.Ad-Hoc|iPhone.ActiveCfg = Release|Any CPU
		{5F7CF051-A7B3-47C2-8124-DDA7780D27C7}.Ad-Hoc|iPhone.Build.0 = Release|Any CPU
		{5F7CF051-A7B3-47C2-8124-DDA7780D27C7}.Ad-Hoc|iPhone.Deploy.0 = Release|Any CPU
		{5F7CF051-A7B3-47C2-8124-DDA7780D27C7}.Ad-Hoc|iPhoneSimulator.ActiveCfg = Release|Any CPU
		{5F7CF051-A7B3-47C2-8124-DDA7780D27C7}.Ad-Hoc|iPhoneSimulator.Build.0 = Release|Any CPU
		{5F7CF051-A7B3-47C2-8124-DDA7780D27C7}.Ad-Hoc|iPhoneSimulator.Deploy.0 = Release|Any CPU
		{5F7CF051-A7B3-47C2-8124-DDA7780D27C7}.Ad-Hoc|x64.ActiveCfg = Release|Any CPU
		{5F7CF051-A7B3-47C2-8124-DDA7780D27C7}.Ad-Hoc|x64.Build.0 = Release|Any CPU
		{5F7CF051-A7B3-47C2-8124-DDA7780D27C7}.Ad-Hoc|x64.Deploy.0 = Release|Any CPU
		{5F7CF051-A7B3-47C2-8124-DDA7780D27C7}.Ad-Hoc|x86.ActiveCfg = Release|Any CPU
		{5F7CF051-A7B3-47C2-8124-DDA7780D27C7}.Ad-Hoc|x86.Build.0 = Release|Any CPU
		{5F7CF051-A7B3-47C2-8124-DDA7780D27C7}.Ad-Hoc|x86.Deploy.0 = Release|Any CPU
		{5F7CF051-A7B3-47C2-8124-DDA7780D27C7}.AppStore|Any CPU.ActiveCfg = Release|Any CPU
		{5F7CF051-A7B3-47C2-8124-DDA7780D27C7}.AppStore|Any CPU.Build.0 = Release|Any CPU
		{5F7CF051-A7B3-47C2-8124-DDA7780D27C7}.AppStore|Any CPU.Deploy.0 = Release|Any CPU
		{5F7CF051-A7B3-47C2-8124-DDA7780D27C7}.AppStore|ARM.ActiveCfg = Release|Any CPU
		{5F7CF051-A7B3-47C2-8124-DDA7780D27C7}.AppStore|ARM.Build.0 = Release|Any CPU
		{5F7CF051-A7B3-47C2-8124-DDA7780D27C7}.AppStore|ARM.Deploy.0 = Release|Any CPU
		{5F7CF051-A7B3-47C2-8124-DDA7780D27C7}.AppStore|iPhone.ActiveCfg = Release|Any CPU
		{5F7CF051-A7B3-47C2-8124-DDA7780D27C7}.AppStore|iPhone.Build.0 = Release|Any CPU
		{5F7CF051-A7B3-47C2-8124-DDA7780D27C7}.AppStore|iPhone.Deploy.0 = Release|Any CPU
		{5F7CF051-A7B3-47C2-8124-DDA7780D27C7}.AppStore|iPhoneSimulator.ActiveCfg = Release|Any CPU
		{5F7CF051-A7B3-47C2-8124-DDA7780D27C7}.AppStore|iPhoneSimulator.Build.0 = Release|Any CPU
		{5F7CF051-A7B3-47C2-8124-DDA7780D27C7}.AppStore|iPhoneSimulator.Deploy.0 = Release|Any CPU
		{5F7CF051-A7B3-47C2-8124-DDA7780D27C7}.AppStore|x64.ActiveCfg = Release|Any CPU
		{5F7CF051-A7B3-47C2-8124-DDA7780D27C7}.AppStore|x64.Build.0 = Release|Any CPU
		{5F7CF051-A7B3-47C2-8124-DDA7780D27C7}.AppStore|x64.Deploy.0 = Release|Any CPU
		{5F7CF051-A7B3-47C2-8124-DDA7780D27C7}.AppStore|x86.ActiveCfg = Release|Any CPU
		{5F7CF051-A7B3-47C2-8124-DDA7780D27C7}.AppStore|x86.Build.0 = Release|Any CPU
		{5F7CF051-A7B3-47C2-8124-DDA7780D27C7}.AppStore|x86.Deploy.0 = Release|Any CPU
		{5F7CF051-A7B3-47C2-8124-DDA7780D27C7}.Debug|Any CPU.ActiveCfg = Debug|Any CPU
		{5F7CF051-A7B3-47C2-8124-DDA7780D27C7}.Debug|Any CPU.Build.0 = Debug|Any CPU
		{5F7CF051-A7B3-47C2-8124-DDA7780D27C7}.Debug|Any CPU.Deploy.0 = Debug|Any CPU
		{5F7CF051-A7B3-47C2-8124-DDA7780D27C7}.Debug|ARM.ActiveCfg = Debug|Any CPU
		{5F7CF051-A7B3-47C2-8124-DDA7780D27C7}.Debug|ARM.Build.0 = Debug|Any CPU
		{5F7CF051-A7B3-47C2-8124-DDA7780D27C7}.Debug|ARM.Deploy.0 = Debug|Any CPU
		{5F7CF051-A7B3-47C2-8124-DDA7780D27C7}.Debug|iPhone.ActiveCfg = Debug|Any CPU
		{5F7CF051-A7B3-47C2-8124-DDA7780D27C7}.Debug|iPhone.Build.0 = Debug|Any CPU
		{5F7CF051-A7B3-47C2-8124-DDA7780D27C7}.Debug|iPhone.Deploy.0 = Debug|Any CPU
		{5F7CF051-A7B3-47C2-8124-DDA7780D27C7}.Debug|iPhoneSimulator.ActiveCfg = Debug|Any CPU
		{5F7CF051-A7B3-47C2-8124-DDA7780D27C7}.Debug|iPhoneSimulator.Build.0 = Debug|Any CPU
		{5F7CF051-A7B3-47C2-8124-DDA7780D27C7}.Debug|iPhoneSimulator.Deploy.0 = Debug|Any CPU
		{5F7CF051-A7B3-47C2-8124-DDA7780D27C7}.Debug|x64.ActiveCfg = Debug|Any CPU
		{5F7CF051-A7B3-47C2-8124-DDA7780D27C7}.Debug|x64.Build.0 = Debug|Any CPU
		{5F7CF051-A7B3-47C2-8124-DDA7780D27C7}.Debug|x64.Deploy.0 = Debug|Any CPU
		{5F7CF051-A7B3-47C2-8124-DDA7780D27C7}.Debug|x86.ActiveCfg = Debug|Any CPU
		{5F7CF051-A7B3-47C2-8124-DDA7780D27C7}.Debug|x86.Build.0 = Debug|Any CPU
		{5F7CF051-A7B3-47C2-8124-DDA7780D27C7}.Debug|x86.Deploy.0 = Debug|Any CPU
		{5F7CF051-A7B3-47C2-8124-DDA7780D27C7}.Release|Any CPU.ActiveCfg = Release|Any CPU
		{5F7CF051-A7B3-47C2-8124-DDA7780D27C7}.Release|Any CPU.Build.0 = Release|Any CPU
		{5F7CF051-A7B3-47C2-8124-DDA7780D27C7}.Release|Any CPU.Deploy.0 = Release|Any CPU
		{5F7CF051-A7B3-47C2-8124-DDA7780D27C7}.Release|ARM.ActiveCfg = Release|Any CPU
		{5F7CF051-A7B3-47C2-8124-DDA7780D27C7}.Release|ARM.Build.0 = Release|Any CPU
		{5F7CF051-A7B3-47C2-8124-DDA7780D27C7}.Release|ARM.Deploy.0 = Release|Any CPU
		{5F7CF051-A7B3-47C2-8124-DDA7780D27C7}.Release|iPhone.ActiveCfg = Release|Any CPU
		{5F7CF051-A7B3-47C2-8124-DDA7780D27C7}.Release|iPhone.Build.0 = Release|Any CPU
		{5F7CF051-A7B3-47C2-8124-DDA7780D27C7}.Release|iPhone.Deploy.0 = Release|Any CPU
		{5F7CF051-A7B3-47C2-8124-DDA7780D27C7}.Release|iPhoneSimulator.ActiveCfg = Release|Any CPU
		{5F7CF051-A7B3-47C2-8124-DDA7780D27C7}.Release|iPhoneSimulator.Build.0 = Release|Any CPU
		{5F7CF051-A7B3-47C2-8124-DDA7780D27C7}.Release|iPhoneSimulator.Deploy.0 = Release|Any CPU
		{5F7CF051-A7B3-47C2-8124-DDA7780D27C7}.Release|x64.ActiveCfg = Release|Any CPU
		{5F7CF051-A7B3-47C2-8124-DDA7780D27C7}.Release|x64.Build.0 = Release|Any CPU
		{5F7CF051-A7B3-47C2-8124-DDA7780D27C7}.Release|x64.Deploy.0 = Release|Any CPU
		{5F7CF051-A7B3-47C2-8124-DDA7780D27C7}.Release|x86.ActiveCfg = Release|Any CPU
		{5F7CF051-A7B3-47C2-8124-DDA7780D27C7}.Release|x86.Build.0 = Release|Any CPU
		{5F7CF051-A7B3-47C2-8124-DDA7780D27C7}.Release|x86.Deploy.0 = Release|Any CPU
		{F1054C4A-840B-4769-A346-7AB54DB0CF72}.Ad-Hoc|Any CPU.ActiveCfg = Ad-Hoc|iPhone
		{F1054C4A-840B-4769-A346-7AB54DB0CF72}.Ad-Hoc|ARM.ActiveCfg = Ad-Hoc|iPhone
		{F1054C4A-840B-4769-A346-7AB54DB0CF72}.Ad-Hoc|iPhone.ActiveCfg = Ad-Hoc|iPhone
		{F1054C4A-840B-4769-A346-7AB54DB0CF72}.Ad-Hoc|iPhone.Build.0 = Ad-Hoc|iPhone
		{F1054C4A-840B-4769-A346-7AB54DB0CF72}.Ad-Hoc|iPhoneSimulator.ActiveCfg = Ad-Hoc|iPhoneSimulator
		{F1054C4A-840B-4769-A346-7AB54DB0CF72}.Ad-Hoc|iPhoneSimulator.Build.0 = Ad-Hoc|iPhoneSimulator
		{F1054C4A-840B-4769-A346-7AB54DB0CF72}.Ad-Hoc|x64.ActiveCfg = Ad-Hoc|iPhone
		{F1054C4A-840B-4769-A346-7AB54DB0CF72}.Ad-Hoc|x86.ActiveCfg = Ad-Hoc|iPhone
		{F1054C4A-840B-4769-A346-7AB54DB0CF72}.AppStore|Any CPU.ActiveCfg = AppStore|iPhone
		{F1054C4A-840B-4769-A346-7AB54DB0CF72}.AppStore|ARM.ActiveCfg = AppStore|iPhone
		{F1054C4A-840B-4769-A346-7AB54DB0CF72}.AppStore|iPhone.ActiveCfg = AppStore|iPhone
		{F1054C4A-840B-4769-A346-7AB54DB0CF72}.AppStore|iPhone.Build.0 = AppStore|iPhone
		{F1054C4A-840B-4769-A346-7AB54DB0CF72}.AppStore|iPhoneSimulator.ActiveCfg = AppStore|iPhoneSimulator
		{F1054C4A-840B-4769-A346-7AB54DB0CF72}.AppStore|iPhoneSimulator.Build.0 = AppStore|iPhoneSimulator
		{F1054C4A-840B-4769-A346-7AB54DB0CF72}.AppStore|x64.ActiveCfg = AppStore|iPhone
		{F1054C4A-840B-4769-A346-7AB54DB0CF72}.AppStore|x86.ActiveCfg = AppStore|iPhone
		{F1054C4A-840B-4769-A346-7AB54DB0CF72}.Debug|Any CPU.ActiveCfg = Debug|iPhone
		{F1054C4A-840B-4769-A346-7AB54DB0CF72}.Debug|ARM.ActiveCfg = Debug|iPhone
		{F1054C4A-840B-4769-A346-7AB54DB0CF72}.Debug|iPhone.ActiveCfg = Debug|iPhone
		{F1054C4A-840B-4769-A346-7AB54DB0CF72}.Debug|iPhone.Build.0 = Debug|iPhone
		{F1054C4A-840B-4769-A346-7AB54DB0CF72}.Debug|iPhoneSimulator.ActiveCfg = Debug|iPhoneSimulator
		{F1054C4A-840B-4769-A346-7AB54DB0CF72}.Debug|iPhoneSimulator.Build.0 = Debug|iPhoneSimulator
		{F1054C4A-840B-4769-A346-7AB54DB0CF72}.Debug|x64.ActiveCfg = Debug|iPhone
		{F1054C4A-840B-4769-A346-7AB54DB0CF72}.Debug|x86.ActiveCfg = Debug|iPhone
		{F1054C4A-840B-4769-A346-7AB54DB0CF72}.Release|Any CPU.ActiveCfg = Release|iPhone
		{F1054C4A-840B-4769-A346-7AB54DB0CF72}.Release|ARM.ActiveCfg = Release|iPhone
		{F1054C4A-840B-4769-A346-7AB54DB0CF72}.Release|iPhone.ActiveCfg = Release|iPhone
		{F1054C4A-840B-4769-A346-7AB54DB0CF72}.Release|iPhone.Build.0 = Release|iPhone
		{F1054C4A-840B-4769-A346-7AB54DB0CF72}.Release|iPhoneSimulator.ActiveCfg = Release|iPhoneSimulator
		{F1054C4A-840B-4769-A346-7AB54DB0CF72}.Release|iPhoneSimulator.Build.0 = Release|iPhoneSimulator
		{F1054C4A-840B-4769-A346-7AB54DB0CF72}.Release|x64.ActiveCfg = Release|iPhone
		{F1054C4A-840B-4769-A346-7AB54DB0CF72}.Release|x86.ActiveCfg = Release|iPhone
		{B611AC0D-A16D-49AC-95E1-C87BE71B9E28}.Ad-Hoc|Any CPU.ActiveCfg = Release|Any CPU
		{B611AC0D-A16D-49AC-95E1-C87BE71B9E28}.Ad-Hoc|Any CPU.Build.0 = Release|Any CPU
		{B611AC0D-A16D-49AC-95E1-C87BE71B9E28}.Ad-Hoc|Any CPU.Deploy.0 = Release|Any CPU
		{B611AC0D-A16D-49AC-95E1-C87BE71B9E28}.Ad-Hoc|ARM.ActiveCfg = Release|ARM
		{B611AC0D-A16D-49AC-95E1-C87BE71B9E28}.Ad-Hoc|ARM.Build.0 = Release|ARM
		{B611AC0D-A16D-49AC-95E1-C87BE71B9E28}.Ad-Hoc|ARM.Deploy.0 = Release|ARM
		{B611AC0D-A16D-49AC-95E1-C87BE71B9E28}.Ad-Hoc|iPhone.ActiveCfg = Release|Any CPU
		{B611AC0D-A16D-49AC-95E1-C87BE71B9E28}.Ad-Hoc|iPhone.Build.0 = Release|Any CPU
		{B611AC0D-A16D-49AC-95E1-C87BE71B9E28}.Ad-Hoc|iPhone.Deploy.0 = Release|Any CPU
		{B611AC0D-A16D-49AC-95E1-C87BE71B9E28}.Ad-Hoc|iPhoneSimulator.ActiveCfg = Release|Any CPU
		{B611AC0D-A16D-49AC-95E1-C87BE71B9E28}.Ad-Hoc|iPhoneSimulator.Build.0 = Release|Any CPU
		{B611AC0D-A16D-49AC-95E1-C87BE71B9E28}.Ad-Hoc|iPhoneSimulator.Deploy.0 = Release|Any CPU
		{B611AC0D-A16D-49AC-95E1-C87BE71B9E28}.Ad-Hoc|x64.ActiveCfg = Release|Any CPU
		{B611AC0D-A16D-49AC-95E1-C87BE71B9E28}.Ad-Hoc|x64.Build.0 = Release|Any CPU
		{B611AC0D-A16D-49AC-95E1-C87BE71B9E28}.Ad-Hoc|x64.Deploy.0 = Release|Any CPU
		{B611AC0D-A16D-49AC-95E1-C87BE71B9E28}.Ad-Hoc|x86.ActiveCfg = Release|x86
		{B611AC0D-A16D-49AC-95E1-C87BE71B9E28}.Ad-Hoc|x86.Build.0 = Release|x86
		{B611AC0D-A16D-49AC-95E1-C87BE71B9E28}.Ad-Hoc|x86.Deploy.0 = Release|x86
		{B611AC0D-A16D-49AC-95E1-C87BE71B9E28}.AppStore|Any CPU.ActiveCfg = Release|Any CPU
		{B611AC0D-A16D-49AC-95E1-C87BE71B9E28}.AppStore|Any CPU.Build.0 = Release|Any CPU
		{B611AC0D-A16D-49AC-95E1-C87BE71B9E28}.AppStore|Any CPU.Deploy.0 = Release|Any CPU
		{B611AC0D-A16D-49AC-95E1-C87BE71B9E28}.AppStore|ARM.ActiveCfg = Release|ARM
		{B611AC0D-A16D-49AC-95E1-C87BE71B9E28}.AppStore|ARM.Build.0 = Release|ARM
		{B611AC0D-A16D-49AC-95E1-C87BE71B9E28}.AppStore|ARM.Deploy.0 = Release|ARM
		{B611AC0D-A16D-49AC-95E1-C87BE71B9E28}.AppStore|iPhone.ActiveCfg = Release|Any CPU
		{B611AC0D-A16D-49AC-95E1-C87BE71B9E28}.AppStore|iPhone.Build.0 = Release|Any CPU
		{B611AC0D-A16D-49AC-95E1-C87BE71B9E28}.AppStore|iPhone.Deploy.0 = Release|Any CPU
		{B611AC0D-A16D-49AC-95E1-C87BE71B9E28}.AppStore|iPhoneSimulator.ActiveCfg = Release|Any CPU
		{B611AC0D-A16D-49AC-95E1-C87BE71B9E28}.AppStore|iPhoneSimulator.Build.0 = Release|Any CPU
		{B611AC0D-A16D-49AC-95E1-C87BE71B9E28}.AppStore|iPhoneSimulator.Deploy.0 = Release|Any CPU
		{B611AC0D-A16D-49AC-95E1-C87BE71B9E28}.AppStore|x64.ActiveCfg = Release|Any CPU
		{B611AC0D-A16D-49AC-95E1-C87BE71B9E28}.AppStore|x64.Build.0 = Release|Any CPU
		{B611AC0D-A16D-49AC-95E1-C87BE71B9E28}.AppStore|x64.Deploy.0 = Release|Any CPU
		{B611AC0D-A16D-49AC-95E1-C87BE71B9E28}.AppStore|x86.ActiveCfg = Release|x86
		{B611AC0D-A16D-49AC-95E1-C87BE71B9E28}.AppStore|x86.Build.0 = Release|x86
		{B611AC0D-A16D-49AC-95E1-C87BE71B9E28}.AppStore|x86.Deploy.0 = Release|x86
		{B611AC0D-A16D-49AC-95E1-C87BE71B9E28}.Debug|Any CPU.ActiveCfg = Debug|Any CPU
		{B611AC0D-A16D-49AC-95E1-C87BE71B9E28}.Debug|Any CPU.Build.0 = Debug|Any CPU
		{B611AC0D-A16D-49AC-95E1-C87BE71B9E28}.Debug|Any CPU.Deploy.0 = Debug|Any CPU
		{B611AC0D-A16D-49AC-95E1-C87BE71B9E28}.Debug|ARM.ActiveCfg = Debug|ARM
		{B611AC0D-A16D-49AC-95E1-C87BE71B9E28}.Debug|ARM.Build.0 = Debug|ARM
		{B611AC0D-A16D-49AC-95E1-C87BE71B9E28}.Debug|ARM.Deploy.0 = Debug|ARM
		{B611AC0D-A16D-49AC-95E1-C87BE71B9E28}.Debug|iPhone.ActiveCfg = Debug|Any CPU
		{B611AC0D-A16D-49AC-95E1-C87BE71B9E28}.Debug|iPhone.Build.0 = Debug|Any CPU
		{B611AC0D-A16D-49AC-95E1-C87BE71B9E28}.Debug|iPhone.Deploy.0 = Debug|Any CPU
		{B611AC0D-A16D-49AC-95E1-C87BE71B9E28}.Debug|iPhoneSimulator.ActiveCfg = Debug|Any CPU
		{B611AC0D-A16D-49AC-95E1-C87BE71B9E28}.Debug|iPhoneSimulator.Build.0 = Debug|Any CPU
		{B611AC0D-A16D-49AC-95E1-C87BE71B9E28}.Debug|iPhoneSimulator.Deploy.0 = Debug|Any CPU
		{B611AC0D-A16D-49AC-95E1-C87BE71B9E28}.Debug|x64.ActiveCfg = Debug|Any CPU
		{B611AC0D-A16D-49AC-95E1-C87BE71B9E28}.Debug|x64.Build.0 = Debug|Any CPU
		{B611AC0D-A16D-49AC-95E1-C87BE71B9E28}.Debug|x64.Deploy.0 = Debug|Any CPU
		{B611AC0D-A16D-49AC-95E1-C87BE71B9E28}.Debug|x86.ActiveCfg = Debug|x86
		{B611AC0D-A16D-49AC-95E1-C87BE71B9E28}.Debug|x86.Build.0 = Debug|x86
		{B611AC0D-A16D-49AC-95E1-C87BE71B9E28}.Debug|x86.Deploy.0 = Debug|x86
		{B611AC0D-A16D-49AC-95E1-C87BE71B9E28}.Release|Any CPU.ActiveCfg = Release|Any CPU
		{B611AC0D-A16D-49AC-95E1-C87BE71B9E28}.Release|Any CPU.Build.0 = Release|Any CPU
		{B611AC0D-A16D-49AC-95E1-C87BE71B9E28}.Release|Any CPU.Deploy.0 = Release|Any CPU
		{B611AC0D-A16D-49AC-95E1-C87BE71B9E28}.Release|ARM.ActiveCfg = Release|ARM
		{B611AC0D-A16D-49AC-95E1-C87BE71B9E28}.Release|ARM.Build.0 = Release|ARM
		{B611AC0D-A16D-49AC-95E1-C87BE71B9E28}.Release|ARM.Deploy.0 = Release|ARM
		{B611AC0D-A16D-49AC-95E1-C87BE71B9E28}.Release|iPhone.ActiveCfg = Release|Any CPU
		{B611AC0D-A16D-49AC-95E1-C87BE71B9E28}.Release|iPhone.Build.0 = Release|Any CPU
		{B611AC0D-A16D-49AC-95E1-C87BE71B9E28}.Release|iPhone.Deploy.0 = Release|Any CPU
		{B611AC0D-A16D-49AC-95E1-C87BE71B9E28}.Release|iPhoneSimulator.ActiveCfg = Release|Any CPU
		{B611AC0D-A16D-49AC-95E1-C87BE71B9E28}.Release|iPhoneSimulator.Build.0 = Release|Any CPU
		{B611AC0D-A16D-49AC-95E1-C87BE71B9E28}.Release|iPhoneSimulator.Deploy.0 = Release|Any CPU
		{B611AC0D-A16D-49AC-95E1-C87BE71B9E28}.Release|x64.ActiveCfg = Release|Any CPU
		{B611AC0D-A16D-49AC-95E1-C87BE71B9E28}.Release|x64.Build.0 = Release|Any CPU
		{B611AC0D-A16D-49AC-95E1-C87BE71B9E28}.Release|x64.Deploy.0 = Release|Any CPU
		{B611AC0D-A16D-49AC-95E1-C87BE71B9E28}.Release|x86.ActiveCfg = Release|x86
		{B611AC0D-A16D-49AC-95E1-C87BE71B9E28}.Release|x86.Build.0 = Release|x86
		{B611AC0D-A16D-49AC-95E1-C87BE71B9E28}.Release|x86.Deploy.0 = Release|x86
		{817F5CE6-877E-457C-85CF-E9786994A1D5}.Ad-Hoc|Any CPU.ActiveCfg = Release|Any CPU
		{817F5CE6-877E-457C-85CF-E9786994A1D5}.Ad-Hoc|Any CPU.Build.0 = Release|Any CPU
		{817F5CE6-877E-457C-85CF-E9786994A1D5}.Ad-Hoc|Any CPU.Deploy.0 = Release|Any CPU
		{817F5CE6-877E-457C-85CF-E9786994A1D5}.Ad-Hoc|ARM.ActiveCfg = Release|ARM
		{817F5CE6-877E-457C-85CF-E9786994A1D5}.Ad-Hoc|ARM.Build.0 = Release|ARM
		{817F5CE6-877E-457C-85CF-E9786994A1D5}.Ad-Hoc|ARM.Deploy.0 = Release|ARM
		{817F5CE6-877E-457C-85CF-E9786994A1D5}.Ad-Hoc|iPhone.ActiveCfg = Release|Any CPU
		{817F5CE6-877E-457C-85CF-E9786994A1D5}.Ad-Hoc|iPhone.Build.0 = Release|Any CPU
		{817F5CE6-877E-457C-85CF-E9786994A1D5}.Ad-Hoc|iPhone.Deploy.0 = Release|Any CPU
		{817F5CE6-877E-457C-85CF-E9786994A1D5}.Ad-Hoc|iPhoneSimulator.ActiveCfg = Release|Any CPU
		{817F5CE6-877E-457C-85CF-E9786994A1D5}.Ad-Hoc|iPhoneSimulator.Build.0 = Release|Any CPU
		{817F5CE6-877E-457C-85CF-E9786994A1D5}.Ad-Hoc|iPhoneSimulator.Deploy.0 = Release|Any CPU
		{817F5CE6-877E-457C-85CF-E9786994A1D5}.Ad-Hoc|x64.ActiveCfg = Release|x64
		{817F5CE6-877E-457C-85CF-E9786994A1D5}.Ad-Hoc|x64.Build.0 = Release|x64
		{817F5CE6-877E-457C-85CF-E9786994A1D5}.Ad-Hoc|x64.Deploy.0 = Release|x64
		{817F5CE6-877E-457C-85CF-E9786994A1D5}.Ad-Hoc|x86.ActiveCfg = Release|x86
		{817F5CE6-877E-457C-85CF-E9786994A1D5}.Ad-Hoc|x86.Build.0 = Release|x86
		{817F5CE6-877E-457C-85CF-E9786994A1D5}.Ad-Hoc|x86.Deploy.0 = Release|x86
		{817F5CE6-877E-457C-85CF-E9786994A1D5}.AppStore|Any CPU.ActiveCfg = Release|Any CPU
		{817F5CE6-877E-457C-85CF-E9786994A1D5}.AppStore|Any CPU.Build.0 = Release|Any CPU
		{817F5CE6-877E-457C-85CF-E9786994A1D5}.AppStore|Any CPU.Deploy.0 = Release|Any CPU
		{817F5CE6-877E-457C-85CF-E9786994A1D5}.AppStore|ARM.ActiveCfg = Release|ARM
		{817F5CE6-877E-457C-85CF-E9786994A1D5}.AppStore|ARM.Build.0 = Release|ARM
		{817F5CE6-877E-457C-85CF-E9786994A1D5}.AppStore|ARM.Deploy.0 = Release|ARM
		{817F5CE6-877E-457C-85CF-E9786994A1D5}.AppStore|iPhone.ActiveCfg = Release|Any CPU
		{817F5CE6-877E-457C-85CF-E9786994A1D5}.AppStore|iPhone.Build.0 = Release|Any CPU
		{817F5CE6-877E-457C-85CF-E9786994A1D5}.AppStore|iPhone.Deploy.0 = Release|Any CPU
		{817F5CE6-877E-457C-85CF-E9786994A1D5}.AppStore|iPhoneSimulator.ActiveCfg = Release|Any CPU
		{817F5CE6-877E-457C-85CF-E9786994A1D5}.AppStore|iPhoneSimulator.Build.0 = Release|Any CPU
		{817F5CE6-877E-457C-85CF-E9786994A1D5}.AppStore|iPhoneSimulator.Deploy.0 = Release|Any CPU
		{817F5CE6-877E-457C-85CF-E9786994A1D5}.AppStore|x64.ActiveCfg = Release|x64
		{817F5CE6-877E-457C-85CF-E9786994A1D5}.AppStore|x64.Build.0 = Release|x64
		{817F5CE6-877E-457C-85CF-E9786994A1D5}.AppStore|x64.Deploy.0 = Release|x64
		{817F5CE6-877E-457C-85CF-E9786994A1D5}.AppStore|x86.ActiveCfg = Release|x86
		{817F5CE6-877E-457C-85CF-E9786994A1D5}.AppStore|x86.Build.0 = Release|x86
		{817F5CE6-877E-457C-85CF-E9786994A1D5}.AppStore|x86.Deploy.0 = Release|x86
		{817F5CE6-877E-457C-85CF-E9786994A1D5}.Debug|Any CPU.ActiveCfg = Debug|Any CPU
		{817F5CE6-877E-457C-85CF-E9786994A1D5}.Debug|Any CPU.Build.0 = Debug|Any CPU
		{817F5CE6-877E-457C-85CF-E9786994A1D5}.Debug|Any CPU.Deploy.0 = Debug|Any CPU
		{817F5CE6-877E-457C-85CF-E9786994A1D5}.Debug|ARM.ActiveCfg = Debug|ARM
		{817F5CE6-877E-457C-85CF-E9786994A1D5}.Debug|ARM.Build.0 = Debug|ARM
		{817F5CE6-877E-457C-85CF-E9786994A1D5}.Debug|ARM.Deploy.0 = Debug|ARM
		{817F5CE6-877E-457C-85CF-E9786994A1D5}.Debug|iPhone.ActiveCfg = Debug|Any CPU
		{817F5CE6-877E-457C-85CF-E9786994A1D5}.Debug|iPhone.Build.0 = Debug|Any CPU
		{817F5CE6-877E-457C-85CF-E9786994A1D5}.Debug|iPhone.Deploy.0 = Debug|Any CPU
		{817F5CE6-877E-457C-85CF-E9786994A1D5}.Debug|iPhoneSimulator.ActiveCfg = Debug|Any CPU
		{817F5CE6-877E-457C-85CF-E9786994A1D5}.Debug|iPhoneSimulator.Build.0 = Debug|Any CPU
		{817F5CE6-877E-457C-85CF-E9786994A1D5}.Debug|iPhoneSimulator.Deploy.0 = Debug|Any CPU
		{817F5CE6-877E-457C-85CF-E9786994A1D5}.Debug|x64.ActiveCfg = Debug|x64
		{817F5CE6-877E-457C-85CF-E9786994A1D5}.Debug|x64.Build.0 = Debug|x64
		{817F5CE6-877E-457C-85CF-E9786994A1D5}.Debug|x64.Deploy.0 = Debug|x64
		{817F5CE6-877E-457C-85CF-E9786994A1D5}.Debug|x86.ActiveCfg = Debug|x86
		{817F5CE6-877E-457C-85CF-E9786994A1D5}.Debug|x86.Build.0 = Debug|x86
		{817F5CE6-877E-457C-85CF-E9786994A1D5}.Debug|x86.Deploy.0 = Debug|x86
		{817F5CE6-877E-457C-85CF-E9786994A1D5}.Release|Any CPU.ActiveCfg = Release|Any CPU
		{817F5CE6-877E-457C-85CF-E9786994A1D5}.Release|Any CPU.Build.0 = Release|Any CPU
		{817F5CE6-877E-457C-85CF-E9786994A1D5}.Release|Any CPU.Deploy.0 = Release|Any CPU
		{817F5CE6-877E-457C-85CF-E9786994A1D5}.Release|ARM.ActiveCfg = Release|ARM
		{817F5CE6-877E-457C-85CF-E9786994A1D5}.Release|ARM.Build.0 = Release|ARM
		{817F5CE6-877E-457C-85CF-E9786994A1D5}.Release|ARM.Deploy.0 = Release|ARM
		{817F5CE6-877E-457C-85CF-E9786994A1D5}.Release|iPhone.ActiveCfg = Release|Any CPU
		{817F5CE6-877E-457C-85CF-E9786994A1D5}.Release|iPhone.Build.0 = Release|Any CPU
		{817F5CE6-877E-457C-85CF-E9786994A1D5}.Release|iPhone.Deploy.0 = Release|Any CPU
		{817F5CE6-877E-457C-85CF-E9786994A1D5}.Release|iPhoneSimulator.ActiveCfg = Release|Any CPU
		{817F5CE6-877E-457C-85CF-E9786994A1D5}.Release|iPhoneSimulator.Build.0 = Release|Any CPU
		{817F5CE6-877E-457C-85CF-E9786994A1D5}.Release|iPhoneSimulator.Deploy.0 = Release|Any CPU
		{817F5CE6-877E-457C-85CF-E9786994A1D5}.Release|x64.ActiveCfg = Release|x64
		{817F5CE6-877E-457C-85CF-E9786994A1D5}.Release|x64.Build.0 = Release|x64
		{817F5CE6-877E-457C-85CF-E9786994A1D5}.Release|x64.Deploy.0 = Release|x64
		{817F5CE6-877E-457C-85CF-E9786994A1D5}.Release|x86.ActiveCfg = Release|x86
		{817F5CE6-877E-457C-85CF-E9786994A1D5}.Release|x86.Build.0 = Release|x86
		{817F5CE6-877E-457C-85CF-E9786994A1D5}.Release|x86.Deploy.0 = Release|x86
		{1EA68917-20CF-48FE-8722-7C8B34DB5CB4}.Ad-Hoc|Any CPU.ActiveCfg = Release|Any CPU
		{1EA68917-20CF-48FE-8722-7C8B34DB5CB4}.Ad-Hoc|Any CPU.Build.0 = Release|Any CPU
		{1EA68917-20CF-48FE-8722-7C8B34DB5CB4}.Ad-Hoc|ARM.ActiveCfg = Release|Any CPU
		{1EA68917-20CF-48FE-8722-7C8B34DB5CB4}.Ad-Hoc|ARM.Build.0 = Release|Any CPU
		{1EA68917-20CF-48FE-8722-7C8B34DB5CB4}.Ad-Hoc|iPhone.ActiveCfg = Release|Any CPU
		{1EA68917-20CF-48FE-8722-7C8B34DB5CB4}.Ad-Hoc|iPhone.Build.0 = Release|Any CPU
		{1EA68917-20CF-48FE-8722-7C8B34DB5CB4}.Ad-Hoc|iPhoneSimulator.ActiveCfg = Release|Any CPU
		{1EA68917-20CF-48FE-8722-7C8B34DB5CB4}.Ad-Hoc|iPhoneSimulator.Build.0 = Release|Any CPU
		{1EA68917-20CF-48FE-8722-7C8B34DB5CB4}.Ad-Hoc|x64.ActiveCfg = Release|Any CPU
		{1EA68917-20CF-48FE-8722-7C8B34DB5CB4}.Ad-Hoc|x64.Build.0 = Release|Any CPU
		{1EA68917-20CF-48FE-8722-7C8B34DB5CB4}.Ad-Hoc|x86.ActiveCfg = Release|Any CPU
		{1EA68917-20CF-48FE-8722-7C8B34DB5CB4}.Ad-Hoc|x86.Build.0 = Release|Any CPU
		{1EA68917-20CF-48FE-8722-7C8B34DB5CB4}.AppStore|Any CPU.ActiveCfg = Release|Any CPU
		{1EA68917-20CF-48FE-8722-7C8B34DB5CB4}.AppStore|Any CPU.Build.0 = Release|Any CPU
		{1EA68917-20CF-48FE-8722-7C8B34DB5CB4}.AppStore|ARM.ActiveCfg = Release|Any CPU
		{1EA68917-20CF-48FE-8722-7C8B34DB5CB4}.AppStore|ARM.Build.0 = Release|Any CPU
		{1EA68917-20CF-48FE-8722-7C8B34DB5CB4}.AppStore|iPhone.ActiveCfg = Release|Any CPU
		{1EA68917-20CF-48FE-8722-7C8B34DB5CB4}.AppStore|iPhone.Build.0 = Release|Any CPU
		{1EA68917-20CF-48FE-8722-7C8B34DB5CB4}.AppStore|iPhoneSimulator.ActiveCfg = Release|Any CPU
		{1EA68917-20CF-48FE-8722-7C8B34DB5CB4}.AppStore|iPhoneSimulator.Build.0 = Release|Any CPU
		{1EA68917-20CF-48FE-8722-7C8B34DB5CB4}.AppStore|x64.ActiveCfg = Release|Any CPU
		{1EA68917-20CF-48FE-8722-7C8B34DB5CB4}.AppStore|x64.Build.0 = Release|Any CPU
		{1EA68917-20CF-48FE-8722-7C8B34DB5CB4}.AppStore|x86.ActiveCfg = Release|Any CPU
		{1EA68917-20CF-48FE-8722-7C8B34DB5CB4}.AppStore|x86.Build.0 = Release|Any CPU
		{1EA68917-20CF-48FE-8722-7C8B34DB5CB4}.Debug|Any CPU.ActiveCfg = Debug|Any CPU
		{1EA68917-20CF-48FE-8722-7C8B34DB5CB4}.Debug|Any CPU.Build.0 = Debug|Any CPU
		{1EA68917-20CF-48FE-8722-7C8B34DB5CB4}.Debug|ARM.ActiveCfg = Debug|Any CPU
		{1EA68917-20CF-48FE-8722-7C8B34DB5CB4}.Debug|ARM.Build.0 = Debug|Any CPU
		{1EA68917-20CF-48FE-8722-7C8B34DB5CB4}.Debug|iPhone.ActiveCfg = Debug|Any CPU
		{1EA68917-20CF-48FE-8722-7C8B34DB5CB4}.Debug|iPhone.Build.0 = Debug|Any CPU
		{1EA68917-20CF-48FE-8722-7C8B34DB5CB4}.Debug|iPhoneSimulator.ActiveCfg = Debug|Any CPU
		{1EA68917-20CF-48FE-8722-7C8B34DB5CB4}.Debug|iPhoneSimulator.Build.0 = Debug|Any CPU
		{1EA68917-20CF-48FE-8722-7C8B34DB5CB4}.Debug|x64.ActiveCfg = Debug|Any CPU
		{1EA68917-20CF-48FE-8722-7C8B34DB5CB4}.Debug|x64.Build.0 = Debug|Any CPU
		{1EA68917-20CF-48FE-8722-7C8B34DB5CB4}.Debug|x86.ActiveCfg = Debug|Any CPU
		{1EA68917-20CF-48FE-8722-7C8B34DB5CB4}.Debug|x86.Build.0 = Debug|Any CPU
		{1EA68917-20CF-48FE-8722-7C8B34DB5CB4}.Release|Any CPU.ActiveCfg = Release|Any CPU
		{1EA68917-20CF-48FE-8722-7C8B34DB5CB4}.Release|Any CPU.Build.0 = Release|Any CPU
		{1EA68917-20CF-48FE-8722-7C8B34DB5CB4}.Release|ARM.ActiveCfg = Release|Any CPU
		{1EA68917-20CF-48FE-8722-7C8B34DB5CB4}.Release|ARM.Build.0 = Release|Any CPU
		{1EA68917-20CF-48FE-8722-7C8B34DB5CB4}.Release|iPhone.ActiveCfg = Release|Any CPU
		{1EA68917-20CF-48FE-8722-7C8B34DB5CB4}.Release|iPhone.Build.0 = Release|Any CPU
		{1EA68917-20CF-48FE-8722-7C8B34DB5CB4}.Release|iPhoneSimulator.ActiveCfg = Release|Any CPU
		{1EA68917-20CF-48FE-8722-7C8B34DB5CB4}.Release|iPhoneSimulator.Build.0 = Release|Any CPU
		{1EA68917-20CF-48FE-8722-7C8B34DB5CB4}.Release|x64.ActiveCfg = Release|Any CPU
		{1EA68917-20CF-48FE-8722-7C8B34DB5CB4}.Release|x64.Build.0 = Release|Any CPU
		{1EA68917-20CF-48FE-8722-7C8B34DB5CB4}.Release|x86.ActiveCfg = Release|Any CPU
		{1EA68917-20CF-48FE-8722-7C8B34DB5CB4}.Release|x86.Build.0 = Release|Any CPU
	EndGlobalSection
	GlobalSection(SolutionProperties) = preSolution
		HideSolutionNode = FALSE
	EndGlobalSection
EndGlobal
