
Microsoft Visual Studio Solution File, Format Version 12.00
# Visual Studio 14
VisualStudioVersion = 14.0.25420.1
MinimumVisualStudioVersion = 10.0.40219.1
Project("{FAE04EC0-301F-11D3-BF4B-00C04F79EFBC}") = "FormKontrolleri.Droid", "FormKontrolleri\FormKontrolleri.Droid\FormKontrolleri.Droid.csproj", "{6C2E5ABB-946E-43BE-8AA2-9C13D616AF43}"
EndProject
Project("{FAE04EC0-301F-11D3-BF4B-00C04F79EFBC}") = "FormKontrolleri.iOS", "FormKontrolleri\FormKontrolleri.iOS\FormKontrolleri.iOS.csproj", "{43839A67-04B9-49F7-AF10-FEE53AC70177}"
EndProject
Project("{FAE04EC0-301F-11D3-BF4B-00C04F79EFBC}") = "FormKontrolleri.WinPhone", "FormKontrolleri\FormKontrolleri.WinPhone\FormKontrolleri.WinPhone.csproj", "{63C36077-407A-4DB1-A18D-5ED6D7F2E0F7}"
EndProject
Project("{FAE04EC0-301F-11D3-BF4B-00C04F79EFBC}") = "FormKontrolleri.Windows", "FormKontrolleri\FormKontrolleri.Windows\FormKontrolleri.Windows.csproj", "{85A5490C-D98A-4705-B863-0892BABAAF41}"
EndProject
Project("{FAE04EC0-301F-11D3-BF4B-00C04F79EFBC}") = "FormKontrolleri", "FormKontrolleri\FormKontrolleri\FormKontrolleri.csproj", "{E5E0F9FF-3B2C-4A7C-905D-2F06CEFE23B5}"
EndProject
Global
	GlobalSection(SolutionConfigurationPlatforms) = preSolution
		Ad-Hoc|Any CPU = Ad-Hoc|Any CPU
		Ad-Hoc|ARM = Ad-Hoc|ARM
		Ad-Hoc|iPhone = Ad-Hoc|iPhone
		Ad-Hoc|iPhoneSimulator = Ad-Hoc|iPhoneSimulator
		Ad-Hoc|x64 = Ad-Hoc|x64
		Ad-Hoc|x86 = Ad-Hoc|x86
		AppStore|Any CPU = AppStore|Any CPU
		AppStore|ARM = AppStore|ARM
		AppStore|iPhone = AppStore|iPhone
		AppStore|iPhoneSimulator = AppStore|iPhoneSimulator
		AppStore|x64 = AppStore|x64
		AppStore|x86 = AppStore|x86
		Debug|Any CPU = Debug|Any CPU
		Debug|ARM = Debug|ARM
		Debug|iPhone = Debug|iPhone
		Debug|iPhoneSimulator = Debug|iPhoneSimulator
		Debug|x64 = Debug|x64
		Debug|x86 = Debug|x86
		Release|Any CPU = Release|Any CPU
		Release|ARM = Release|ARM
		Release|iPhone = Release|iPhone
		Release|iPhoneSimulator = Release|iPhoneSimulator
		Release|x64 = Release|x64
		Release|x86 = Release|x86
	EndGlobalSection
	GlobalSection(ProjectConfigurationPlatforms) = postSolution
		{6C2E5ABB-946E-43BE-8AA2-9C13D616AF43}.Ad-Hoc|Any CPU.ActiveCfg = Release|Any CPU
		{6C2E5ABB-946E-43BE-8AA2-9C13D616AF43}.Ad-Hoc|Any CPU.Build.0 = Release|Any CPU
		{6C2E5ABB-946E-43BE-8AA2-9C13D616AF43}.Ad-Hoc|Any CPU.Deploy.0 = Release|Any CPU
		{6C2E5ABB-946E-43BE-8AA2-9C13D616AF43}.Ad-Hoc|ARM.ActiveCfg = Release|Any CPU
		{6C2E5ABB-946E-43BE-8AA2-9C13D616AF43}.Ad-Hoc|ARM.Build.0 = Release|Any CPU
		{6C2E5ABB-946E-43BE-8AA2-9C13D616AF43}.Ad-Hoc|ARM.Deploy.0 = Release|Any CPU
		{6C2E5ABB-946E-43BE-8AA2-9C13D616AF43}.Ad-Hoc|iPhone.ActiveCfg = Release|Any CPU
		{6C2E5ABB-946E-43BE-8AA2-9C13D616AF43}.Ad-Hoc|iPhone.Build.0 = Release|Any CPU
		{6C2E5ABB-946E-43BE-8AA2-9C13D616AF43}.Ad-Hoc|iPhone.Deploy.0 = Release|Any CPU
		{6C2E5ABB-946E-43BE-8AA2-9C13D616AF43}.Ad-Hoc|iPhoneSimulator.ActiveCfg = Release|Any CPU
		{6C2E5ABB-946E-43BE-8AA2-9C13D616AF43}.Ad-Hoc|iPhoneSimulator.Build.0 = Release|Any CPU
		{6C2E5ABB-946E-43BE-8AA2-9C13D616AF43}.Ad-Hoc|iPhoneSimulator.Deploy.0 = Release|Any CPU
		{6C2E5ABB-946E-43BE-8AA2-9C13D616AF43}.Ad-Hoc|x64.ActiveCfg = Release|Any CPU
		{6C2E5ABB-946E-43BE-8AA2-9C13D616AF43}.Ad-Hoc|x64.Build.0 = Release|Any CPU
		{6C2E5ABB-946E-43BE-8AA2-9C13D616AF43}.Ad-Hoc|x64.Deploy.0 = Release|Any CPU
		{6C2E5ABB-946E-43BE-8AA2-9C13D616AF43}.Ad-Hoc|x86.ActiveCfg = Release|Any CPU
		{6C2E5ABB-946E-43BE-8AA2-9C13D616AF43}.Ad-Hoc|x86.Build.0 = Release|Any CPU
		{6C2E5ABB-946E-43BE-8AA2-9C13D616AF43}.Ad-Hoc|x86.Deploy.0 = Release|Any CPU
		{6C2E5ABB-946E-43BE-8AA2-9C13D616AF43}.AppStore|Any CPU.ActiveCfg = Release|Any CPU
		{6C2E5ABB-946E-43BE-8AA2-9C13D616AF43}.AppStore|Any CPU.Build.0 = Release|Any CPU
		{6C2E5ABB-946E-43BE-8AA2-9C13D616AF43}.AppStore|Any CPU.Deploy.0 = Release|Any CPU
		{6C2E5ABB-946E-43BE-8AA2-9C13D616AF43}.AppStore|ARM.ActiveCfg = Release|Any CPU
		{6C2E5ABB-946E-43BE-8AA2-9C13D616AF43}.AppStore|ARM.Build.0 = Release|Any CPU
		{6C2E5ABB-946E-43BE-8AA2-9C13D616AF43}.AppStore|ARM.Deploy.0 = Release|Any CPU
		{6C2E5ABB-946E-43BE-8AA2-9C13D616AF43}.AppStore|iPhone.ActiveCfg = Release|Any CPU
		{6C2E5ABB-946E-43BE-8AA2-9C13D616AF43}.AppStore|iPhone.Build.0 = Release|Any CPU
		{6C2E5ABB-946E-43BE-8AA2-9C13D616AF43}.AppStore|iPhone.Deploy.0 = Release|Any CPU
		{6C2E5ABB-946E-43BE-8AA2-9C13D616AF43}.AppStore|iPhoneSimulator.ActiveCfg = Release|Any CPU
		{6C2E5ABB-946E-43BE-8AA2-9C13D616AF43}.AppStore|iPhoneSimulator.Build.0 = Release|Any CPU
		{6C2E5ABB-946E-43BE-8AA2-9C13D616AF43}.AppStore|iPhoneSimulator.Deploy.0 = Release|Any CPU
		{6C2E5ABB-946E-43BE-8AA2-9C13D616AF43}.AppStore|x64.ActiveCfg = Release|Any CPU
		{6C2E5ABB-946E-43BE-8AA2-9C13D616AF43}.AppStore|x64.Build.0 = Release|Any CPU
		{6C2E5ABB-946E-43BE-8AA2-9C13D616AF43}.AppStore|x64.Deploy.0 = Release|Any CPU
		{6C2E5ABB-946E-43BE-8AA2-9C13D616AF43}.AppStore|x86.ActiveCfg = Release|Any CPU
		{6C2E5ABB-946E-43BE-8AA2-9C13D616AF43}.AppStore|x86.Build.0 = Release|Any CPU
		{6C2E5ABB-946E-43BE-8AA2-9C13D616AF43}.AppStore|x86.Deploy.0 = Release|Any CPU
		{6C2E5ABB-946E-43BE-8AA2-9C13D616AF43}.Debug|Any CPU.ActiveCfg = Debug|Any CPU
		{6C2E5ABB-946E-43BE-8AA2-9C13D616AF43}.Debug|Any CPU.Build.0 = Debug|Any CPU
		{6C2E5ABB-946E-43BE-8AA2-9C13D616AF43}.Debug|Any CPU.Deploy.0 = Debug|Any CPU
		{6C2E5ABB-946E-43BE-8AA2-9C13D616AF43}.Debug|ARM.ActiveCfg = Debug|Any CPU
		{6C2E5ABB-946E-43BE-8AA2-9C13D616AF43}.Debug|ARM.Build.0 = Debug|Any CPU
		{6C2E5ABB-946E-43BE-8AA2-9C13D616AF43}.Debug|ARM.Deploy.0 = Debug|Any CPU
		{6C2E5ABB-946E-43BE-8AA2-9C13D616AF43}.Debug|iPhone.ActiveCfg = Debug|Any CPU
		{6C2E5ABB-946E-43BE-8AA2-9C13D616AF43}.Debug|iPhone.Build.0 = Debug|Any CPU
		{6C2E5ABB-946E-43BE-8AA2-9C13D616AF43}.Debug|iPhone.Deploy.0 = Debug|Any CPU
		{6C2E5ABB-946E-43BE-8AA2-9C13D616AF43}.Debug|iPhoneSimulator.ActiveCfg = Debug|Any CPU
		{6C2E5ABB-946E-43BE-8AA2-9C13D616AF43}.Debug|iPhoneSimulator.Build.0 = Debug|Any CPU
		{6C2E5ABB-946E-43BE-8AA2-9C13D616AF43}.Debug|iPhoneSimulator.Deploy.0 = Debug|Any CPU
		{6C2E5ABB-946E-43BE-8AA2-9C13D616AF43}.Debug|x64.ActiveCfg = Debug|Any CPU
		{6C2E5ABB-946E-43BE-8AA2-9C13D616AF43}.Debug|x64.Build.0 = Debug|Any CPU
		{6C2E5ABB-946E-43BE-8AA2-9C13D616AF43}.Debug|x64.Deploy.0 = Debug|Any CPU
		{6C2E5ABB-946E-43BE-8AA2-9C13D616AF43}.Debug|x86.ActiveCfg = Debug|Any CPU
		{6C2E5ABB-946E-43BE-8AA2-9C13D616AF43}.Debug|x86.Build.0 = Debug|Any CPU
		{6C2E5ABB-946E-43BE-8AA2-9C13D616AF43}.Debug|x86.Deploy.0 = Debug|Any CPU
		{6C2E5ABB-946E-43BE-8AA2-9C13D616AF43}.Release|Any CPU.ActiveCfg = Release|Any CPU
		{6C2E5ABB-946E-43BE-8AA2-9C13D616AF43}.Release|Any CPU.Build.0 = Release|Any CPU
		{6C2E5ABB-946E-43BE-8AA2-9C13D616AF43}.Release|Any CPU.Deploy.0 = Release|Any CPU
		{6C2E5ABB-946E-43BE-8AA2-9C13D616AF43}.Release|ARM.ActiveCfg = Release|Any CPU
		{6C2E5ABB-946E-43BE-8AA2-9C13D616AF43}.Release|ARM.Build.0 = Release|Any CPU
		{6C2E5ABB-946E-43BE-8AA2-9C13D616AF43}.Release|ARM.Deploy.0 = Release|Any CPU
		{6C2E5ABB-946E-43BE-8AA2-9C13D616AF43}.Release|iPhone.ActiveCfg = Release|Any CPU
		{6C2E5ABB-946E-43BE-8AA2-9C13D616AF43}.Release|iPhone.Build.0 = Release|Any CPU
		{6C2E5ABB-946E-43BE-8AA2-9C13D616AF43}.Release|iPhone.Deploy.0 = Release|Any CPU
		{6C2E5ABB-946E-43BE-8AA2-9C13D616AF43}.Release|iPhoneSimulator.ActiveCfg = Release|Any CPU
		{6C2E5ABB-946E-43BE-8AA2-9C13D616AF43}.Release|iPhoneSimulator.Build.0 = Release|Any CPU
		{6C2E5ABB-946E-43BE-8AA2-9C13D616AF43}.Release|iPhoneSimulator.Deploy.0 = Release|Any CPU
		{6C2E5ABB-946E-43BE-8AA2-9C13D616AF43}.Release|x64.ActiveCfg = Release|Any CPU
		{6C2E5ABB-946E-43BE-8AA2-9C13D616AF43}.Release|x64.Build.0 = Release|Any CPU
		{6C2E5ABB-946E-43BE-8AA2-9C13D616AF43}.Release|x64.Deploy.0 = Release|Any CPU
		{6C2E5ABB-946E-43BE-8AA2-9C13D616AF43}.Release|x86.ActiveCfg = Release|Any CPU
		{6C2E5ABB-946E-43BE-8AA2-9C13D616AF43}.Release|x86.Build.0 = Release|Any CPU
		{6C2E5ABB-946E-43BE-8AA2-9C13D616AF43}.Release|x86.Deploy.0 = Release|Any CPU
		{43839A67-04B9-49F7-AF10-FEE53AC70177}.Ad-Hoc|Any CPU.ActiveCfg = Ad-Hoc|iPhone
		{43839A67-04B9-49F7-AF10-FEE53AC70177}.Ad-Hoc|ARM.ActiveCfg = Ad-Hoc|iPhone
		{43839A67-04B9-49F7-AF10-FEE53AC70177}.Ad-Hoc|iPhone.ActiveCfg = Ad-Hoc|iPhone
		{43839A67-04B9-49F7-AF10-FEE53AC70177}.Ad-Hoc|iPhone.Build.0 = Ad-Hoc|iPhone
		{43839A67-04B9-49F7-AF10-FEE53AC70177}.Ad-Hoc|iPhoneSimulator.ActiveCfg = Ad-Hoc|iPhoneSimulator
		{43839A67-04B9-49F7-AF10-FEE53AC70177}.Ad-Hoc|iPhoneSimulator.Build.0 = Ad-Hoc|iPhoneSimulator
		{43839A67-04B9-49F7-AF10-FEE53AC70177}.Ad-Hoc|x64.ActiveCfg = Ad-Hoc|iPhone
		{43839A67-04B9-49F7-AF10-FEE53AC70177}.Ad-Hoc|x86.ActiveCfg = Ad-Hoc|iPhone
		{43839A67-04B9-49F7-AF10-FEE53AC70177}.AppStore|Any CPU.ActiveCfg = AppStore|iPhone
		{43839A67-04B9-49F7-AF10-FEE53AC70177}.AppStore|ARM.ActiveCfg = AppStore|iPhone
		{43839A67-04B9-49F7-AF10-FEE53AC70177}.AppStore|iPhone.ActiveCfg = AppStore|iPhone
		{43839A67-04B9-49F7-AF10-FEE53AC70177}.AppStore|iPhone.Build.0 = AppStore|iPhone
		{43839A67-04B9-49F7-AF10-FEE53AC70177}.AppStore|iPhoneSimulator.ActiveCfg = AppStore|iPhoneSimulator
		{43839A67-04B9-49F7-AF10-FEE53AC70177}.AppStore|iPhoneSimulator.Build.0 = AppStore|iPhoneSimulator
		{43839A67-04B9-49F7-AF10-FEE53AC70177}.AppStore|x64.ActiveCfg = AppStore|iPhone
		{43839A67-04B9-49F7-AF10-FEE53AC70177}.AppStore|x86.ActiveCfg = AppStore|iPhone
		{43839A67-04B9-49F7-AF10-FEE53AC70177}.Debug|Any CPU.ActiveCfg = Debug|iPhone
		{43839A67-04B9-49F7-AF10-FEE53AC70177}.Debug|ARM.ActiveCfg = Debug|iPhone
		{43839A67-04B9-49F7-AF10-FEE53AC70177}.Debug|iPhone.ActiveCfg = Debug|iPhone
		{43839A67-04B9-49F7-AF10-FEE53AC70177}.Debug|iPhone.Build.0 = Debug|iPhone
		{43839A67-04B9-49F7-AF10-FEE53AC70177}.Debug|iPhoneSimulator.ActiveCfg = Debug|iPhoneSimulator
		{43839A67-04B9-49F7-AF10-FEE53AC70177}.Debug|iPhoneSimulator.Build.0 = Debug|iPhoneSimulator
		{43839A67-04B9-49F7-AF10-FEE53AC70177}.Debug|x64.ActiveCfg = Debug|iPhone
		{43839A67-04B9-49F7-AF10-FEE53AC70177}.Debug|x86.ActiveCfg = Debug|iPhone
		{43839A67-04B9-49F7-AF10-FEE53AC70177}.Release|Any CPU.ActiveCfg = Release|iPhone
		{43839A67-04B9-49F7-AF10-FEE53AC70177}.Release|ARM.ActiveCfg = Release|iPhone
		{43839A67-04B9-49F7-AF10-FEE53AC70177}.Release|iPhone.ActiveCfg = Release|iPhone
		{43839A67-04B9-49F7-AF10-FEE53AC70177}.Release|iPhone.Build.0 = Release|iPhone
		{43839A67-04B9-49F7-AF10-FEE53AC70177}.Release|iPhoneSimulator.ActiveCfg = Release|iPhoneSimulator
		{43839A67-04B9-49F7-AF10-FEE53AC70177}.Release|iPhoneSimulator.Build.0 = Release|iPhoneSimulator
		{43839A67-04B9-49F7-AF10-FEE53AC70177}.Release|x64.ActiveCfg = Release|iPhone
		{43839A67-04B9-49F7-AF10-FEE53AC70177}.Release|x86.ActiveCfg = Release|iPhone
		{63C36077-407A-4DB1-A18D-5ED6D7F2E0F7}.Ad-Hoc|Any CPU.ActiveCfg = Release|Any CPU
		{63C36077-407A-4DB1-A18D-5ED6D7F2E0F7}.Ad-Hoc|Any CPU.Build.0 = Release|Any CPU
		{63C36077-407A-4DB1-A18D-5ED6D7F2E0F7}.Ad-Hoc|Any CPU.Deploy.0 = Release|Any CPU
		{63C36077-407A-4DB1-A18D-5ED6D7F2E0F7}.Ad-Hoc|ARM.ActiveCfg = Release|ARM
		{63C36077-407A-4DB1-A18D-5ED6D7F2E0F7}.Ad-Hoc|ARM.Build.0 = Release|ARM
		{63C36077-407A-4DB1-A18D-5ED6D7F2E0F7}.Ad-Hoc|ARM.Deploy.0 = Release|ARM
		{63C36077-407A-4DB1-A18D-5ED6D7F2E0F7}.Ad-Hoc|iPhone.ActiveCfg = Release|Any CPU
		{63C36077-407A-4DB1-A18D-5ED6D7F2E0F7}.Ad-Hoc|iPhone.Build.0 = Release|Any CPU
		{63C36077-407A-4DB1-A18D-5ED6D7F2E0F7}.Ad-Hoc|iPhone.Deploy.0 = Release|Any CPU
		{63C36077-407A-4DB1-A18D-5ED6D7F2E0F7}.Ad-Hoc|iPhoneSimulator.ActiveCfg = Release|Any CPU
		{63C36077-407A-4DB1-A18D-5ED6D7F2E0F7}.Ad-Hoc|iPhoneSimulator.Build.0 = Release|Any CPU
		{63C36077-407A-4DB1-A18D-5ED6D7F2E0F7}.Ad-Hoc|iPhoneSimulator.Deploy.0 = Release|Any CPU
		{63C36077-407A-4DB1-A18D-5ED6D7F2E0F7}.Ad-Hoc|x64.ActiveCfg = Release|Any CPU
		{63C36077-407A-4DB1-A18D-5ED6D7F2E0F7}.Ad-Hoc|x64.Build.0 = Release|Any CPU
		{63C36077-407A-4DB1-A18D-5ED6D7F2E0F7}.Ad-Hoc|x64.Deploy.0 = Release|Any CPU
		{63C36077-407A-4DB1-A18D-5ED6D7F2E0F7}.Ad-Hoc|x86.ActiveCfg = Release|x86
		{63C36077-407A-4DB1-A18D-5ED6D7F2E0F7}.Ad-Hoc|x86.Build.0 = Release|x86
		{63C36077-407A-4DB1-A18D-5ED6D7F2E0F7}.Ad-Hoc|x86.Deploy.0 = Release|x86
		{63C36077-407A-4DB1-A18D-5ED6D7F2E0F7}.AppStore|Any CPU.ActiveCfg = Release|Any CPU
		{63C36077-407A-4DB1-A18D-5ED6D7F2E0F7}.AppStore|Any CPU.Build.0 = Release|Any CPU
		{63C36077-407A-4DB1-A18D-5ED6D7F2E0F7}.AppStore|Any CPU.Deploy.0 = Release|Any CPU
		{63C36077-407A-4DB1-A18D-5ED6D7F2E0F7}.AppStore|ARM.ActiveCfg = Release|ARM
		{63C36077-407A-4DB1-A18D-5ED6D7F2E0F7}.AppStore|ARM.Build.0 = Release|ARM
		{63C36077-407A-4DB1-A18D-5ED6D7F2E0F7}.AppStore|ARM.Deploy.0 = Release|ARM
		{63C36077-407A-4DB1-A18D-5ED6D7F2E0F7}.AppStore|iPhone.ActiveCfg = Release|Any CPU
		{63C36077-407A-4DB1-A18D-5ED6D7F2E0F7}.AppStore|iPhone.Build.0 = Release|Any CPU
		{63C36077-407A-4DB1-A18D-5ED6D7F2E0F7}.AppStore|iPhone.Deploy.0 = Release|Any CPU
		{63C36077-407A-4DB1-A18D-5ED6D7F2E0F7}.AppStore|iPhoneSimulator.ActiveCfg = Release|Any CPU
		{63C36077-407A-4DB1-A18D-5ED6D7F2E0F7}.AppStore|iPhoneSimulator.Build.0 = Release|Any CPU
		{63C36077-407A-4DB1-A18D-5ED6D7F2E0F7}.AppStore|iPhoneSimulator.Deploy.0 = Release|Any CPU
		{63C36077-407A-4DB1-A18D-5ED6D7F2E0F7}.AppStore|x64.ActiveCfg = Release|Any CPU
		{63C36077-407A-4DB1-A18D-5ED6D7F2E0F7}.AppStore|x64.Build.0 = Release|Any CPU
		{63C36077-407A-4DB1-A18D-5ED6D7F2E0F7}.AppStore|x64.Deploy.0 = Release|Any CPU
		{63C36077-407A-4DB1-A18D-5ED6D7F2E0F7}.AppStore|x86.ActiveCfg = Release|x86
		{63C36077-407A-4DB1-A18D-5ED6D7F2E0F7}.AppStore|x86.Build.0 = Release|x86
		{63C36077-407A-4DB1-A18D-5ED6D7F2E0F7}.AppStore|x86.Deploy.0 = Release|x86
		{63C36077-407A-4DB1-A18D-5ED6D7F2E0F7}.Debug|Any CPU.ActiveCfg = Debug|Any CPU
		{63C36077-407A-4DB1-A18D-5ED6D7F2E0F7}.Debug|Any CPU.Build.0 = Debug|Any CPU
		{63C36077-407A-4DB1-A18D-5ED6D7F2E0F7}.Debug|Any CPU.Deploy.0 = Debug|Any CPU
		{63C36077-407A-4DB1-A18D-5ED6D7F2E0F7}.Debug|ARM.ActiveCfg = Debug|ARM
		{63C36077-407A-4DB1-A18D-5ED6D7F2E0F7}.Debug|ARM.Build.0 = Debug|ARM
		{63C36077-407A-4DB1-A18D-5ED6D7F2E0F7}.Debug|ARM.Deploy.0 = Debug|ARM
		{63C36077-407A-4DB1-A18D-5ED6D7F2E0F7}.Debug|iPhone.ActiveCfg = Debug|Any CPU
		{63C36077-407A-4DB1-A18D-5ED6D7F2E0F7}.Debug|iPhone.Build.0 = Debug|Any CPU
		{63C36077-407A-4DB1-A18D-5ED6D7F2E0F7}.Debug|iPhone.Deploy.0 = Debug|Any CPU
		{63C36077-407A-4DB1-A18D-5ED6D7F2E0F7}.Debug|iPhoneSimulator.ActiveCfg = Debug|Any CPU
		{63C36077-407A-4DB1-A18D-5ED6D7F2E0F7}.Debug|iPhoneSimulator.Build.0 = Debug|Any CPU
		{63C36077-407A-4DB1-A18D-5ED6D7F2E0F7}.Debug|iPhoneSimulator.Deploy.0 = Debug|Any CPU
		{63C36077-407A-4DB1-A18D-5ED6D7F2E0F7}.Debug|x64.ActiveCfg = Debug|Any CPU
		{63C36077-407A-4DB1-A18D-5ED6D7F2E0F7}.Debug|x64.Build.0 = Debug|Any CPU
		{63C36077-407A-4DB1-A18D-5ED6D7F2E0F7}.Debug|x64.Deploy.0 = Debug|Any CPU
		{63C36077-407A-4DB1-A18D-5ED6D7F2E0F7}.Debug|x86.ActiveCfg = Debug|x86
		{63C36077-407A-4DB1-A18D-5ED6D7F2E0F7}.Debug|x86.Build.0 = Debug|x86
		{63C36077-407A-4DB1-A18D-5ED6D7F2E0F7}.Debug|x86.Deploy.0 = Debug|x86
		{63C36077-407A-4DB1-A18D-5ED6D7F2E0F7}.Release|Any CPU.ActiveCfg = Release|Any CPU
		{63C36077-407A-4DB1-A18D-5ED6D7F2E0F7}.Release|Any CPU.Build.0 = Release|Any CPU
		{63C36077-407A-4DB1-A18D-5ED6D7F2E0F7}.Release|Any CPU.Deploy.0 = Release|Any CPU
		{63C36077-407A-4DB1-A18D-5ED6D7F2E0F7}.Release|ARM.ActiveCfg = Release|ARM
		{63C36077-407A-4DB1-A18D-5ED6D7F2E0F7}.Release|ARM.Build.0 = Release|ARM
		{63C36077-407A-4DB1-A18D-5ED6D7F2E0F7}.Release|ARM.Deploy.0 = Release|ARM
		{63C36077-407A-4DB1-A18D-5ED6D7F2E0F7}.Release|iPhone.ActiveCfg = Release|Any CPU
		{63C36077-407A-4DB1-A18D-5ED6D7F2E0F7}.Release|iPhone.Build.0 = Release|Any CPU
		{63C36077-407A-4DB1-A18D-5ED6D7F2E0F7}.Release|iPhone.Deploy.0 = Release|Any CPU
		{63C36077-407A-4DB1-A18D-5ED6D7F2E0F7}.Release|iPhoneSimulator.ActiveCfg = Release|Any CPU
		{63C36077-407A-4DB1-A18D-5ED6D7F2E0F7}.Release|iPhoneSimulator.Build.0 = Release|Any CPU
		{63C36077-407A-4DB1-A18D-5ED6D7F2E0F7}.Release|iPhoneSimulator.Deploy.0 = Release|Any CPU
		{63C36077-407A-4DB1-A18D-5ED6D7F2E0F7}.Release|x64.ActiveCfg = Release|Any CPU
		{63C36077-407A-4DB1-A18D-5ED6D7F2E0F7}.Release|x64.Build.0 = Release|Any CPU
		{63C36077-407A-4DB1-A18D-5ED6D7F2E0F7}.Release|x64.Deploy.0 = Release|Any CPU
		{63C36077-407A-4DB1-A18D-5ED6D7F2E0F7}.Release|x86.ActiveCfg = Release|x86
		{63C36077-407A-4DB1-A18D-5ED6D7F2E0F7}.Release|x86.Build.0 = Release|x86
		{63C36077-407A-4DB1-A18D-5ED6D7F2E0F7}.Release|x86.Deploy.0 = Release|x86
		{85A5490C-D98A-4705-B863-0892BABAAF41}.Ad-Hoc|Any CPU.ActiveCfg = Release|Any CPU
		{85A5490C-D98A-4705-B863-0892BABAAF41}.Ad-Hoc|Any CPU.Build.0 = Release|Any CPU
		{85A5490C-D98A-4705-B863-0892BABAAF41}.Ad-Hoc|Any CPU.Deploy.0 = Release|Any CPU
		{85A5490C-D98A-4705-B863-0892BABAAF41}.Ad-Hoc|ARM.ActiveCfg = Release|ARM
		{85A5490C-D98A-4705-B863-0892BABAAF41}.Ad-Hoc|ARM.Build.0 = Release|ARM
		{85A5490C-D98A-4705-B863-0892BABAAF41}.Ad-Hoc|ARM.Deploy.0 = Release|ARM
		{85A5490C-D98A-4705-B863-0892BABAAF41}.Ad-Hoc|iPhone.ActiveCfg = Release|Any CPU
		{85A5490C-D98A-4705-B863-0892BABAAF41}.Ad-Hoc|iPhone.Build.0 = Release|Any CPU
		{85A5490C-D98A-4705-B863-0892BABAAF41}.Ad-Hoc|iPhone.Deploy.0 = Release|Any CPU
		{85A5490C-D98A-4705-B863-0892BABAAF41}.Ad-Hoc|iPhoneSimulator.ActiveCfg = Release|Any CPU
		{85A5490C-D98A-4705-B863-0892BABAAF41}.Ad-Hoc|iPhoneSimulator.Build.0 = Release|Any CPU
		{85A5490C-D98A-4705-B863-0892BABAAF41}.Ad-Hoc|iPhoneSimulator.Deploy.0 = Release|Any CPU
		{85A5490C-D98A-4705-B863-0892BABAAF41}.Ad-Hoc|x64.ActiveCfg = Release|x64
		{85A5490C-D98A-4705-B863-0892BABAAF41}.Ad-Hoc|x64.Build.0 = Release|x64
		{85A5490C-D98A-4705-B863-0892BABAAF41}.Ad-Hoc|x64.Deploy.0 = Release|x64
		{85A5490C-D98A-4705-B863-0892BABAAF41}.Ad-Hoc|x86.ActiveCfg = Release|x86
		{85A5490C-D98A-4705-B863-0892BABAAF41}.Ad-Hoc|x86.Build.0 = Release|x86
		{85A5490C-D98A-4705-B863-0892BABAAF41}.Ad-Hoc|x86.Deploy.0 = Release|x86
		{85A5490C-D98A-4705-B863-0892BABAAF41}.AppStore|Any CPU.ActiveCfg = Release|Any CPU
		{85A5490C-D98A-4705-B863-0892BABAAF41}.AppStore|Any CPU.Build.0 = Release|Any CPU
		{85A5490C-D98A-4705-B863-0892BABAAF41}.AppStore|Any CPU.Deploy.0 = Release|Any CPU
		{85A5490C-D98A-4705-B863-0892BABAAF41}.AppStore|ARM.ActiveCfg = Release|ARM
		{85A5490C-D98A-4705-B863-0892BABAAF41}.AppStore|ARM.Build.0 = Release|ARM
		{85A5490C-D98A-4705-B863-0892BABAAF41}.AppStore|ARM.Deploy.0 = Release|ARM
		{85A5490C-D98A-4705-B863-0892BABAAF41}.AppStore|iPhone.ActiveCfg = Release|Any CPU
		{85A5490C-D98A-4705-B863-0892BABAAF41}.AppStore|iPhone.Build.0 = Release|Any CPU
		{85A5490C-D98A-4705-B863-0892BABAAF41}.AppStore|iPhone.Deploy.0 = Release|Any CPU
		{85A5490C-D98A-4705-B863-0892BABAAF41}.AppStore|iPhoneSimulator.ActiveCfg = Release|Any CPU
		{85A5490C-D98A-4705-B863-0892BABAAF41}.AppStore|iPhoneSimulator.Build.0 = Release|Any CPU
		{85A5490C-D98A-4705-B863-0892BABAAF41}.AppStore|iPhoneSimulator.Deploy.0 = Release|Any CPU
		{85A5490C-D98A-4705-B863-0892BABAAF41}.AppStore|x64.ActiveCfg = Release|x64
		{85A5490C-D98A-4705-B863-0892BABAAF41}.AppStore|x64.Build.0 = Release|x64
		{85A5490C-D98A-4705-B863-0892BABAAF41}.AppStore|x64.Deploy.0 = Release|x64
		{85A5490C-D98A-4705-B863-0892BABAAF41}.AppStore|x86.ActiveCfg = Release|x86
		{85A5490C-D98A-4705-B863-0892BABAAF41}.AppStore|x86.Build.0 = Release|x86
		{85A5490C-D98A-4705-B863-0892BABAAF41}.AppStore|x86.Deploy.0 = Release|x86
		{85A5490C-D98A-4705-B863-0892BABAAF41}.Debug|Any CPU.ActiveCfg = Debug|Any CPU
		{85A5490C-D98A-4705-B863-0892BABAAF41}.Debug|Any CPU.Build.0 = Debug|Any CPU
		{85A5490C-D98A-4705-B863-0892BABAAF41}.Debug|Any CPU.Deploy.0 = Debug|Any CPU
		{85A5490C-D98A-4705-B863-0892BABAAF41}.Debug|ARM.ActiveCfg = Debug|ARM
		{85A5490C-D98A-4705-B863-0892BABAAF41}.Debug|ARM.Build.0 = Debug|ARM
		{85A5490C-D98A-4705-B863-0892BABAAF41}.Debug|ARM.Deploy.0 = Debug|ARM
		{85A5490C-D98A-4705-B863-0892BABAAF41}.Debug|iPhone.ActiveCfg = Debug|Any CPU
		{85A5490C-D98A-4705-B863-0892BABAAF41}.Debug|iPhone.Build.0 = Debug|Any CPU
		{85A5490C-D98A-4705-B863-0892BABAAF41}.Debug|iPhone.Deploy.0 = Debug|Any CPU
		{85A5490C-D98A-4705-B863-0892BABAAF41}.Debug|iPhoneSimulator.ActiveCfg = Debug|Any CPU
		{85A5490C-D98A-4705-B863-0892BABAAF41}.Debug|iPhoneSimulator.Build.0 = Debug|Any CPU
		{85A5490C-D98A-4705-B863-0892BABAAF41}.Debug|iPhoneSimulator.Deploy.0 = Debug|Any CPU
		{85A5490C-D98A-4705-B863-0892BABAAF41}.Debug|x64.ActiveCfg = Debug|x64
		{85A5490C-D98A-4705-B863-0892BABAAF41}.Debug|x64.Build.0 = Debug|x64
		{85A5490C-D98A-4705-B863-0892BABAAF41}.Debug|x64.Deploy.0 = Debug|x64
		{85A5490C-D98A-4705-B863-0892BABAAF41}.Debug|x86.ActiveCfg = Debug|x86
		{85A5490C-D98A-4705-B863-0892BABAAF41}.Debug|x86.Build.0 = Debug|x86
		{85A5490C-D98A-4705-B863-0892BABAAF41}.Debug|x86.Deploy.0 = Debug|x86
		{85A5490C-D98A-4705-B863-0892BABAAF41}.Release|Any CPU.ActiveCfg = Release|Any CPU
		{85A5490C-D98A-4705-B863-0892BABAAF41}.Release|Any CPU.Build.0 = Release|Any CPU
		{85A5490C-D98A-4705-B863-0892BABAAF41}.Release|Any CPU.Deploy.0 = Release|Any CPU
		{85A5490C-D98A-4705-B863-0892BABAAF41}.Release|ARM.ActiveCfg = Release|ARM
		{85A5490C-D98A-4705-B863-0892BABAAF41}.Release|ARM.Build.0 = Release|ARM
		{85A5490C-D98A-4705-B863-0892BABAAF41}.Release|ARM.Deploy.0 = Release|ARM
		{85A5490C-D98A-4705-B863-0892BABAAF41}.Release|iPhone.ActiveCfg = Release|Any CPU
		{85A5490C-D98A-4705-B863-0892BABAAF41}.Release|iPhone.Build.0 = Release|Any CPU
		{85A5490C-D98A-4705-B863-0892BABAAF41}.Release|iPhone.Deploy.0 = Release|Any CPU
		{85A5490C-D98A-4705-B863-0892BABAAF41}.Release|iPhoneSimulator.ActiveCfg = Release|Any CPU
		{85A5490C-D98A-4705-B863-0892BABAAF41}.Release|iPhoneSimulator.Build.0 = Release|Any CPU
		{85A5490C-D98A-4705-B863-0892BABAAF41}.Release|iPhoneSimulator.Deploy.0 = Release|Any CPU
		{85A5490C-D98A-4705-B863-0892BABAAF41}.Release|x64.ActiveCfg = Release|x64
		{85A5490C-D98A-4705-B863-0892BABAAF41}.Release|x64.Build.0 = Release|x64
		{85A5490C-D98A-4705-B863-0892BABAAF41}.Release|x64.Deploy.0 = Release|x64
		{85A5490C-D98A-4705-B863-0892BABAAF41}.Release|x86.ActiveCfg = Release|x86
		{85A5490C-D98A-4705-B863-0892BABAAF41}.Release|x86.Build.0 = Release|x86
		{85A5490C-D98A-4705-B863-0892BABAAF41}.Release|x86.Deploy.0 = Release|x86
		{E5E0F9FF-3B2C-4A7C-905D-2F06CEFE23B5}.Ad-Hoc|Any CPU.ActiveCfg = Release|Any CPU
		{E5E0F9FF-3B2C-4A7C-905D-2F06CEFE23B5}.Ad-Hoc|Any CPU.Build.0 = Release|Any CPU
		{E5E0F9FF-3B2C-4A7C-905D-2F06CEFE23B5}.Ad-Hoc|ARM.ActiveCfg = Release|Any CPU
		{E5E0F9FF-3B2C-4A7C-905D-2F06CEFE23B5}.Ad-Hoc|ARM.Build.0 = Release|Any CPU
		{E5E0F9FF-3B2C-4A7C-905D-2F06CEFE23B5}.Ad-Hoc|iPhone.ActiveCfg = Release|Any CPU
		{E5E0F9FF-3B2C-4A7C-905D-2F06CEFE23B5}.Ad-Hoc|iPhone.Build.0 = Release|Any CPU
		{E5E0F9FF-3B2C-4A7C-905D-2F06CEFE23B5}.Ad-Hoc|iPhoneSimulator.ActiveCfg = Release|Any CPU
		{E5E0F9FF-3B2C-4A7C-905D-2F06CEFE23B5}.Ad-Hoc|iPhoneSimulator.Build.0 = Release|Any CPU
		{E5E0F9FF-3B2C-4A7C-905D-2F06CEFE23B5}.Ad-Hoc|x64.ActiveCfg = Release|Any CPU
		{E5E0F9FF-3B2C-4A7C-905D-2F06CEFE23B5}.Ad-Hoc|x64.Build.0 = Release|Any CPU
		{E5E0F9FF-3B2C-4A7C-905D-2F06CEFE23B5}.Ad-Hoc|x86.ActiveCfg = Release|Any CPU
		{E5E0F9FF-3B2C-4A7C-905D-2F06CEFE23B5}.Ad-Hoc|x86.Build.0 = Release|Any CPU
		{E5E0F9FF-3B2C-4A7C-905D-2F06CEFE23B5}.AppStore|Any CPU.ActiveCfg = Release|Any CPU
		{E5E0F9FF-3B2C-4A7C-905D-2F06CEFE23B5}.AppStore|Any CPU.Build.0 = Release|Any CPU
		{E5E0F9FF-3B2C-4A7C-905D-2F06CEFE23B5}.AppStore|ARM.ActiveCfg = Release|Any CPU
		{E5E0F9FF-3B2C-4A7C-905D-2F06CEFE23B5}.AppStore|ARM.Build.0 = Release|Any CPU
		{E5E0F9FF-3B2C-4A7C-905D-2F06CEFE23B5}.AppStore|iPhone.ActiveCfg = Release|Any CPU
		{E5E0F9FF-3B2C-4A7C-905D-2F06CEFE23B5}.AppStore|iPhone.Build.0 = Release|Any CPU
		{E5E0F9FF-3B2C-4A7C-905D-2F06CEFE23B5}.AppStore|iPhoneSimulator.ActiveCfg = Release|Any CPU
		{E5E0F9FF-3B2C-4A7C-905D-2F06CEFE23B5}.AppStore|iPhoneSimulator.Build.0 = Release|Any CPU
		{E5E0F9FF-3B2C-4A7C-905D-2F06CEFE23B5}.AppStore|x64.ActiveCfg = Release|Any CPU
		{E5E0F9FF-3B2C-4A7C-905D-2F06CEFE23B5}.AppStore|x64.Build.0 = Release|Any CPU
		{E5E0F9FF-3B2C-4A7C-905D-2F06CEFE23B5}.AppStore|x86.ActiveCfg = Release|Any CPU
		{E5E0F9FF-3B2C-4A7C-905D-2F06CEFE23B5}.AppStore|x86.Build.0 = Release|Any CPU
		{E5E0F9FF-3B2C-4A7C-905D-2F06CEFE23B5}.Debug|Any CPU.ActiveCfg = Debug|Any CPU
		{E5E0F9FF-3B2C-4A7C-905D-2F06CEFE23B5}.Debug|Any CPU.Build.0 = Debug|Any CPU
		{E5E0F9FF-3B2C-4A7C-905D-2F06CEFE23B5}.Debug|ARM.ActiveCfg = Debug|Any CPU
		{E5E0F9FF-3B2C-4A7C-905D-2F06CEFE23B5}.Debug|ARM.Build.0 = Debug|Any CPU
		{E5E0F9FF-3B2C-4A7C-905D-2F06CEFE23B5}.Debug|iPhone.ActiveCfg = Debug|Any CPU
		{E5E0F9FF-3B2C-4A7C-905D-2F06CEFE23B5}.Debug|iPhone.Build.0 = Debug|Any CPU
		{E5E0F9FF-3B2C-4A7C-905D-2F06CEFE23B5}.Debug|iPhoneSimulator.ActiveCfg = Debug|Any CPU
		{E5E0F9FF-3B2C-4A7C-905D-2F06CEFE23B5}.Debug|iPhoneSimulator.Build.0 = Debug|Any CPU
		{E5E0F9FF-3B2C-4A7C-905D-2F06CEFE23B5}.Debug|x64.ActiveCfg = Debug|Any CPU
		{E5E0F9FF-3B2C-4A7C-905D-2F06CEFE23B5}.Debug|x64.Build.0 = Debug|Any CPU
		{E5E0F9FF-3B2C-4A7C-905D-2F06CEFE23B5}.Debug|x86.ActiveCfg = Debug|Any CPU
		{E5E0F9FF-3B2C-4A7C-905D-2F06CEFE23B5}.Debug|x86.Build.0 = Debug|Any CPU
		{E5E0F9FF-3B2C-4A7C-905D-2F06CEFE23B5}.Release|Any CPU.ActiveCfg = Release|Any CPU
		{E5E0F9FF-3B2C-4A7C-905D-2F06CEFE23B5}.Release|Any CPU.Build.0 = Release|Any CPU
		{E5E0F9FF-3B2C-4A7C-905D-2F06CEFE23B5}.Release|ARM.ActiveCfg = Release|Any CPU
		{E5E0F9FF-3B2C-4A7C-905D-2F06CEFE23B5}.Release|ARM.Build.0 = Release|Any CPU
		{E5E0F9FF-3B2C-4A7C-905D-2F06CEFE23B5}.Release|iPhone.ActiveCfg = Release|Any CPU
		{E5E0F9FF-3B2C-4A7C-905D-2F06CEFE23B5}.Release|iPhone.Build.0 = Release|Any CPU
		{E5E0F9FF-3B2C-4A7C-905D-2F06CEFE23B5}.Release|iPhoneSimulator.ActiveCfg = Release|Any CPU
		{E5E0F9FF-3B2C-4A7C-905D-2F06CEFE23B5}.Release|iPhoneSimulator.Build.0 = Release|Any CPU
		{E5E0F9FF-3B2C-4A7C-905D-2F06CEFE23B5}.Release|x64.ActiveCfg = Release|Any CPU
		{E5E0F9FF-3B2C-4A7C-905D-2F06CEFE23B5}.Release|x64.Build.0 = Release|Any CPU
		{E5E0F9FF-3B2C-4A7C-905D-2F06CEFE23B5}.Release|x86.ActiveCfg = Release|Any CPU
		{E5E0F9FF-3B2C-4A7C-905D-2F06CEFE23B5}.Release|x86.Build.0 = Release|Any CPU
	EndGlobalSection
	GlobalSection(SolutionProperties) = preSolution
		HideSolutionNode = FALSE
	EndGlobalSection
EndGlobal
